
Microsoft Visual Studio Solution File, Format Version 12.00
# Visual Studio Version 16
VisualStudioVersion = 16.0.31025.194
MinimumVisualStudioVersion = 10.0.40219.1
Project("{FAE04EC0-301F-11D3-BF4B-00C04F79EFBC}") = "Store", "Store\Store.csproj", "{C94C6822-6725-4225-AC58-EE9C2BF5D572}"
EndProject
Project("{FAE04EC0-301F-11D3-BF4B-00C04F79EFBC}") = "WindowsFormsApp1", "WindowsFormsApp1\WindowsFormsApp1.csproj", "{B359072A-27A3-47BB-B381-715F683A2776}"
EndProject
Global
	GlobalSection(SolutionConfigurationPlatforms) = preSolution
		Debug|Any CPU = Debug|Any CPU
		Release|Any CPU = Release|Any CPU
	EndGlobalSection
	GlobalSection(ProjectConfigurationPlatforms) = postSolution
		{C94C6822-6725-4225-AC58-EE9C2BF5D572}.Debug|Any CPU.ActiveCfg = Debug|Any CPU
		{C94C6822-6725-4225-AC58-EE9C2BF5D572}.Debug|Any CPU.Build.0 = Debug|Any CPU
		{C94C6822-6725-4225-AC58-EE9C2BF5D572}.Release|Any CPU.ActiveCfg = Release|Any CPU
		{C94C6822-6725-4225-AC58-EE9C2BF5D572}.Release|Any CPU.Build.0 = Release|Any CPU
		{B359072A-27A3-47BB-B381-715F683A2776}.Debug|Any CPU.ActiveCfg = Debug|Any CPU
		{B359072A-27A3-47BB-B381-715F683A2776}.Debug|Any CPU.Build.0 = Debug|Any CPU
		{B359072A-27A3-47BB-B381-715F683A2776}.Release|Any CPU.ActiveCfg = Release|Any CPU
		{B359072A-27A3-47BB-B381-715F683A2776}.Release|Any CPU.Build.0 = Release|Any CPU
	EndGlobalSection
	GlobalSection(SolutionProperties) = preSolution
		HideSolutionNode = FALSE
	EndGlobalSection
	GlobalSection(ExtensibilityGlobals) = postSolution
		SolutionGuid = {1C9CA04C-62D3-422B-8B18-A1AC713DB662}
	EndGlobalSection
EndGlobal
